
Microsoft Visual Studio Solution File, Format Version 12.00
# Visual Studio 15
VisualStudioVersion = 15.0.26730.15
MinimumVisualStudioVersion = 10.0.40219.1
Project("{FAE04EC0-301F-11D3-BF4B-00C04F79EFBC}") = "MaProvaOnline.Dominio", "MaProvaOnline.Dominio\MaProvaOnline.Dominio.csproj", "{CA5704CF-D8A9-4CDA-8B43-7A6CE4B1F26D}"
EndProject
Project("{FAE04EC0-301F-11D3-BF4B-00C04F79EFBC}") = "MaProvaOnline.Infra", "MaProvaOnline.Infra\MaProvaOnline.Infra.csproj", "{7400F15A-F1B8-4574-ABF5-F393848C91CC}"
EndProject
Project("{FAE04EC0-301F-11D3-BF4B-00C04F79EFBC}") = "MaProvaOnline.Web", "MaProvaOnline.Web\MaProvaOnline.Web.csproj", "{BA75E0EF-177D-4F5B-9A6F-B32820CCA8FB}"
EndProject
Project("{FAE04EC0-301F-11D3-BF4B-00C04F79EFBC}") = "MaProvaOnline.Api", "MaProvaOnline.Api\MaProvaOnline.Api.csproj", "{447EAB37-4F71-4FC2-BCD7-CDC224447EE7}"
EndProject
Global
	GlobalSection(SolutionConfigurationPlatforms) = preSolution
		Debug|Any CPU = Debug|Any CPU
		Release|Any CPU = Release|Any CPU
	EndGlobalSection
	GlobalSection(ProjectConfigurationPlatforms) = postSolution
		{CA5704CF-D8A9-4CDA-8B43-7A6CE4B1F26D}.Debug|Any CPU.ActiveCfg = Debug|Any CPU
		{CA5704CF-D8A9-4CDA-8B43-7A6CE4B1F26D}.Debug|Any CPU.Build.0 = Debug|Any CPU
		{CA5704CF-D8A9-4CDA-8B43-7A6CE4B1F26D}.Release|Any CPU.ActiveCfg = Release|Any CPU
		{CA5704CF-D8A9-4CDA-8B43-7A6CE4B1F26D}.Release|Any CPU.Build.0 = Release|Any CPU
		{7400F15A-F1B8-4574-ABF5-F393848C91CC}.Debug|Any CPU.ActiveCfg = Debug|Any CPU
		{7400F15A-F1B8-4574-ABF5-F393848C91CC}.Debug|Any CPU.Build.0 = Debug|Any CPU
		{7400F15A-F1B8-4574-ABF5-F393848C91CC}.Release|Any CPU.ActiveCfg = Release|Any CPU
		{7400F15A-F1B8-4574-ABF5-F393848C91CC}.Release|Any CPU.Build.0 = Release|Any CPU
		{BA75E0EF-177D-4F5B-9A6F-B32820CCA8FB}.Debug|Any CPU.ActiveCfg = Debug|Any CPU
		{BA75E0EF-177D-4F5B-9A6F-B32820CCA8FB}.Debug|Any CPU.Build.0 = Debug|Any CPU
		{BA75E0EF-177D-4F5B-9A6F-B32820CCA8FB}.Release|Any CPU.ActiveCfg = Release|Any CPU
		{BA75E0EF-177D-4F5B-9A6F-B32820CCA8FB}.Release|Any CPU.Build.0 = Release|Any CPU
		{447EAB37-4F71-4FC2-BCD7-CDC224447EE7}.Debug|Any CPU.ActiveCfg = Debug|Any CPU
		{447EAB37-4F71-4FC2-BCD7-CDC224447EE7}.Debug|Any CPU.Build.0 = Debug|Any CPU
		{447EAB37-4F71-4FC2-BCD7-CDC224447EE7}.Release|Any CPU.ActiveCfg = Release|Any CPU
		{447EAB37-4F71-4FC2-BCD7-CDC224447EE7}.Release|Any CPU.Build.0 = Release|Any CPU
	EndGlobalSection
	GlobalSection(SolutionProperties) = preSolution
		HideSolutionNode = FALSE
	EndGlobalSection
	GlobalSection(ExtensibilityGlobals) = postSolution
		SolutionGuid = {F0CFC964-4A6C-4633-ADBF-7F0158DF28D7}
	EndGlobalSection
EndGlobal
